
Microsoft Visual Studio Solution File, Format Version 12.00
# Visual Studio 15
VisualStudioVersion = 15.0.28307.136
MinimumVisualStudioVersion = 10.0.40219.1
Project("{8BC9CEB8-8B4A-11D0-8D11-00A0C91BC942}") = "02.05.2019", "02.05.2019\02.05.2019.vcxproj", "{D65AEE8C-18E1-45FA-825E-1558A9CD3562}"
EndProject
Global
	GlobalSection(SolutionConfigurationPlatforms) = preSolution
		Debug|x64 = Debug|x64
		Debug|x86 = Debug|x86
		Release|x64 = Release|x64
		Release|x86 = Release|x86
	EndGlobalSection
	GlobalSection(ProjectConfigurationPlatforms) = postSolution
		{D65AEE8C-18E1-45FA-825E-1558A9CD3562}.Debug|x64.ActiveCfg = Debug|x64
		{D65AEE8C-18E1-45FA-825E-1558A9CD3562}.Debug|x64.Build.0 = Debug|x64
		{D65AEE8C-18E1-45FA-825E-1558A9CD3562}.Debug|x86.ActiveCfg = Debug|Win32
		{D65AEE8C-18E1-45FA-825E-1558A9CD3562}.Debug|x86.Build.0 = Debug|Win32
		{D65AEE8C-18E1-45FA-825E-1558A9CD3562}.Release|x64.ActiveCfg = Release|x64
		{D65AEE8C-18E1-45FA-825E-1558A9CD3562}.Release|x64.Build.0 = Release|x64
		{D65AEE8C-18E1-45FA-825E-1558A9CD3562}.Release|x86.ActiveCfg = Release|Win32
		{D65AEE8C-18E1-45FA-825E-1558A9CD3562}.Release|x86.Build.0 = Release|Win32
	EndGlobalSection
	GlobalSection(SolutionProperties) = preSolution
		HideSolutionNode = FALSE
	EndGlobalSection
	GlobalSection(ExtensibilityGlobals) = postSolution
		SolutionGuid = {C23BF37D-35F4-4018-BF15-35AD8ED2EB12}
	EndGlobalSection
EndGlobal
