
Microsoft Visual Studio Solution File, Format Version 12.00
# Visual Studio 15
VisualStudioVersion = 15.0.28307.136
MinimumVisualStudioVersion = 10.0.40219.1
Project("{8BC9CEB8-8B4A-11D0-8D11-00A0C91BC942}") = "09.06.2019", "09.06.2019\09.06.2019.vcxproj", "{AB3D553E-1837-466D-B385-302F779E9DBE}"
EndProject
Global
	GlobalSection(SolutionConfigurationPlatforms) = preSolution
		Debug|x64 = Debug|x64
		Debug|x86 = Debug|x86
		Release|x64 = Release|x64
		Release|x86 = Release|x86
	EndGlobalSection
	GlobalSection(ProjectConfigurationPlatforms) = postSolution
		{AB3D553E-1837-466D-B385-302F779E9DBE}.Debug|x64.ActiveCfg = Debug|x64
		{AB3D553E-1837-466D-B385-302F779E9DBE}.Debug|x64.Build.0 = Debug|x64
		{AB3D553E-1837-466D-B385-302F779E9DBE}.Debug|x86.ActiveCfg = Debug|Win32
		{AB3D553E-1837-466D-B385-302F779E9DBE}.Debug|x86.Build.0 = Debug|Win32
		{AB3D553E-1837-466D-B385-302F779E9DBE}.Release|x64.ActiveCfg = Release|x64
		{AB3D553E-1837-466D-B385-302F779E9DBE}.Release|x64.Build.0 = Release|x64
		{AB3D553E-1837-466D-B385-302F779E9DBE}.Release|x86.ActiveCfg = Release|Win32
		{AB3D553E-1837-466D-B385-302F779E9DBE}.Release|x86.Build.0 = Release|Win32
	EndGlobalSection
	GlobalSection(SolutionProperties) = preSolution
		HideSolutionNode = FALSE
	EndGlobalSection
	GlobalSection(ExtensibilityGlobals) = postSolution
		SolutionGuid = {9249A65C-04FD-49A3-BF04-C17ACA59A064}
	EndGlobalSection
EndGlobal
