
Microsoft Visual Studio Solution File, Format Version 12.00
# Visual Studio 15
VisualStudioVersion = 15.0.28307.136
MinimumVisualStudioVersion = 10.0.40219.1
Project("{8BC9CEB8-8B4A-11D0-8D11-00A0C91BC942}") = "12.07.2019", "12.07.2019\12.07.2019.vcxproj", "{14864406-DBF2-4AFC-BD9A-BB805C5A21BC}"
EndProject
Global
	GlobalSection(SolutionConfigurationPlatforms) = preSolution
		Debug|x64 = Debug|x64
		Debug|x86 = Debug|x86
		Release|x64 = Release|x64
		Release|x86 = Release|x86
	EndGlobalSection
	GlobalSection(ProjectConfigurationPlatforms) = postSolution
		{14864406-DBF2-4AFC-BD9A-BB805C5A21BC}.Debug|x64.ActiveCfg = Debug|x64
		{14864406-DBF2-4AFC-BD9A-BB805C5A21BC}.Debug|x64.Build.0 = Debug|x64
		{14864406-DBF2-4AFC-BD9A-BB805C5A21BC}.Debug|x86.ActiveCfg = Debug|Win32
		{14864406-DBF2-4AFC-BD9A-BB805C5A21BC}.Debug|x86.Build.0 = Debug|Win32
		{14864406-DBF2-4AFC-BD9A-BB805C5A21BC}.Release|x64.ActiveCfg = Release|x64
		{14864406-DBF2-4AFC-BD9A-BB805C5A21BC}.Release|x64.Build.0 = Release|x64
		{14864406-DBF2-4AFC-BD9A-BB805C5A21BC}.Release|x86.ActiveCfg = Release|Win32
		{14864406-DBF2-4AFC-BD9A-BB805C5A21BC}.Release|x86.Build.0 = Release|Win32
	EndGlobalSection
	GlobalSection(SolutionProperties) = preSolution
		HideSolutionNode = FALSE
	EndGlobalSection
	GlobalSection(ExtensibilityGlobals) = postSolution
		SolutionGuid = {4C4C2D09-AA78-4C0E-BFAF-87FD41D9DDFD}
	EndGlobalSection
EndGlobal
